// !$*UTF8*$!
{
	archiveVersion = 1;
	classes = {
	};
	objectVersion = 46;
	objects = {

/* Begin PBXBuildFile section */
		AB62E5551C326D4600085BF8 /* main.m in Sources */ = {isa = PBXBuildFile; fileRef = AB62E5541C326D4600085BF8 /* main.m */; };
		AB62E5581C326D4600085BF8 /* AppDelegate.m in Sources */ = {isa = PBXBuildFile; fileRef = AB62E5571C326D4600085BF8 /* AppDelegate.m */; };
		AB62E55B1C326D4600085BF8 /* ViewController.m in Sources */ = {isa = PBXBuildFile; fileRef = AB62E55A1C326D4600085BF8 /* ViewController.m */; };
		AB62E55E1C326D4600085BF8 /* Main.storyboard in Resources */ = {isa = PBXBuildFile; fileRef = AB62E55C1C326D4600085BF8 /* Main.storyboard */; };
		AB62E5611C326D4600085BF8 /* test.xcdatamodeld in Sources */ = {isa = PBXBuildFile; fileRef = AB62E55F1C326D4600085BF8 /* test.xcdatamodeld */; };
		AB62E5631C326D4700085BF8 /* Assets.xcassets in Resources */ = {isa = PBXBuildFile; fileRef = AB62E5621C326D4700085BF8 /* Assets.xcassets */; };
		AB62E5661C326D4700085BF8 /* LaunchScreen.storyboard in Resources */ = {isa = PBXBuildFile; fileRef = AB62E5641C326D4700085BF8 /* LaunchScreen.storyboard */; };
/* End PBXBuildFile section */

/* Begin PBXFileReference section */
		AB62E5501C326D4600085BF8 /* test.app */ = {isa = PBXFileReference; explicitFileType = wrapper.application; includeInIndex = 0; path = test.app; sourceTree = BUILT_PRODUCTS_DIR; };
		AB62E5541C326D4600085BF8 /* main.m */ = {isa = PBXFileReference; lastKnownFileType = sourcecode.c.objc; path = main.m; sourceTree = "<group>"; };
		AB62E5561C326D4600085BF8 /* AppDelegate.h */ = {isa = PBXFileReference; lastKnownFileType = sourcecode.c.h; path = AppDelegate.h; sourceTree = "<group>"; };
		AB62E5571C326D4600085BF8 /* AppDelegate.m */ = {isa = PBXFileReference; lastKnownFileType = sourcecode.c.objc; path = AppDelegate.m; sourceTree = "<group>"; };
		AB62E5591C326D4600085BF8 /* ViewController.h */ = {isa = PBXFileReference; lastKnownFileType = sourcecode.c.h; path = ViewController.h; sourceTree = "<group>"; };
		AB62E55A1C326D4600085BF8 /* ViewController.m */ = {isa = PBXFileReference; lastKnownFileType = sourcecode.c.objc; path = ViewController.m; sourceTree = "<group>"; };
		AB62E55D1C326D4600085BF8 /* Base */ = {isa = PBXFileReference; lastKnownFileType = file.storyboard; name = Base; path = Base.lproj/Main.storyboard; sourceTree = "<group>"; };
		AB62E5601C326D4600085BF8 /* test.xcdatamodel */ = {isa = PBXFileReference; lastKnownFileType = wrapper.xcdatamodel; path = test.xcdatamodel; sourceTree = "<group>"; };
		AB62E5621C326D4700085BF8 /* Assets.xcassets */ = {isa = PBXFileReference; lastKnownFileType = folder.assetcatalog; path = Assets.xcassets; sourceTree = "<group>"; };
		AB62E5651C326D4700085BF8 /* Base */ = {isa = PBXFileReference; lastKnownFileType = file.storyboard; name = Base; path = Base.lproj/LaunchScreen.storyboard; sourceTree = "<group>"; };
		AB62E5671C326D4700085BF8 /* Info.plist */ = {isa = PBXFileReference; lastKnownFileType = text.plist.xml; path = Info.plist; sourceTree = "<group>"; };
/* End PBXFileReference section */

/* Begin PBXFrameworksBuildPhase section */
		AB62E54D1C326D4600085BF8 /* Frameworks */ = {
			isa = PBXFrameworksBuildPhase;
			buildActionMask = 2147483647;
			files = (
			);
			runOnlyForDeploymentPostprocessing = 0;
		};
/* End PBXFrameworksBuildPhase section */

/* Begin PBXGroup section */
		AB62E5471C326D4600085BF8 = {
			isa = PBXGroup;
			children = (
				AB62E5521C326D4600085BF8 /* test */,
				AB62E5511C326D4600085BF8 /* Products */,
			);
			sourceTree = "<group>";
		};
		AB62E5511C326D4600085BF8 /* Products */ = {
			isa = PBXGroup;
			children = (
				AB62E5501C326D4600085BF8 /* test.app */,
			);
			name = Products;
			sourceTree = "<group>";
		};
		AB62E5521C326D4600085BF8 /* test */ = {
			isa = PBXGroup;
			children = (
				AB62E5561C326D4600085BF8 /* AppDelegate.h */,
				AB62E5571C326D4600085BF8 /* AppDelegate.m */,
				AB62E5591C326D4600085BF8 /* ViewController.h */,
				AB62E55A1C326D4600085BF8 /* ViewController.m */,
				AB62E55C1C326D4600085BF8 /* Main.storyboard */,
				AB62E5621C326D4700085BF8 /* Assets.xcassets */,
				AB62E5641C326D4700085BF8 /* LaunchScreen.storyboard */,
				AB62E5671C326D4700085BF8 /* Info.plist */,
				AB62E55F1C326D4600085BF8 /* test.xcdatamodeld */,
				AB62E5531C326D4600085BF8 /* Supporting Files */,
			);
			path = test;
			sourceTree = "<group>";
		};
		AB62E5531C326D4600085BF8 /* Supporting Files */ = {
			isa = PBXGroup;
			children = (
				AB62E5541C326D4600085BF8 /* main.m */,
			);
			name = "Supporting Files";
			sourceTree = "<group>";
		};
/* End PBXGroup section */

/* Begin PBXNativeTarget section */
		AB62E54F1C326D4600085BF8 /* test */ = {
			isa = PBXNativeTarget;
			buildConfigurationList = AB62E56A1C326D4700085BF8 /* Build configuration list for PBXNativeTarget "test" */;
			buildPhases = (
				AB62E54C1C326D4600085BF8 /* Sources */,
				AB62E54D1C326D4600085BF8 /* Frameworks */,
				AB62E54E1C326D4600085BF8 /* Resources */,
			);
			buildRules = (
			);
			dependencies = (
			);
			name = test;
			productName = test;
			productReference = AB62E5501C326D4600085BF8 /* test.app */;
			productType = "com.apple.product-type.application";
		};
/* End PBXNativeTarget section */

/* Begin PBXProject section */
		AB62E5481C326D4600085BF8 /* Project object */ = {
			isa = PBXProject;
			attributes = {
				LastUpgradeCheck = 0710;
				ORGANIZATIONNAME = tarena18;
				TargetAttributes = {
					AB62E54F1C326D4600085BF8 = {
						CreatedOnToolsVersion = 7.1;
						DevelopmentTeam = 33LDW458MB;
					};
				};
			};
			buildConfigurationList = AB62E54B1C326D4600085BF8 /* Build configuration list for PBXProject "test" */;
			compatibilityVersion = "Xcode 3.2";
			developmentRegion = English;
			hasScannedForEncodings = 0;
			knownRegions = (
				en,
				Base,
			);
			mainGroup = AB62E5471C326D4600085BF8;
			productRefGroup = AB62E5511C326D4600085BF8 /* Products */;
			projectDirPath = "";
			projectRoot = "";
			targets = (
				AB62E54F1C326D4600085BF8 /* test */,
			);
		};
/* End PBXProject section */

/* Begin PBXResourcesBuildPhase section */
		AB62E54E1C326D4600085BF8 /* Resources */ = {
			isa = PBXResourcesBuildPhase;
			buildActionMask = 2147483647;
			files = (
				AB62E5661C326D4700085BF8 /* LaunchScreen.storyboard in Resources */,
				AB62E5631C326D4700085BF8 /* Assets.xcassets in Resources */,
				AB62E55E1C326D4600085BF8 /* Main.storyboard in Resources */,
			);
			runOnlyForDeploymentPostprocessing = 0;
		};
/* End PBXResourcesBuildPhase section */

/* Begin PBXSourcesBuildPhase section */
		AB62E54C1C326D4600085BF8 /* Sources */ = {
			isa = PBXSourcesBuildPhase;
			buildActionMask = 2147483647;
			files = (
				AB62E55B1C326D4600085BF8 /* ViewController.m in Sources */,
				AB62E5611C326D4600085BF8 /* test.xcdatamodeld in Sources */,
				AB62E5581C326D4600085BF8 /* AppDelegate.m in Sources */,
				AB62E5551C326D4600085BF8 /* main.m in Sources */,
			);
			runOnlyForDeploymentPostprocessing = 0;
		};
/* End PBXSourcesBuildPhase section */

/* Begin PBXVariantGroup section */
		AB62E55C1C326D4600085BF8 /* Main.storyboard */ = {
			isa = PBXVariantGroup;
			children = (
				AB62E55D1C326D4600085BF8 /* Base */,
			);
			name = Main.storyboard;
			sourceTree = "<group>";
		};
		AB62E5641C326D4700085BF8 /* LaunchScreen.storyboard */ = {
			isa = PBXVariantGroup;
			children = (
				AB62E5651C326D4700085BF8 /* Base */,
			);
			name = LaunchScreen.storyboard;
			sourceTree = "<group>";
		};
/* End PBXVariantGroup section */

/* Begin XCBuildConfiguration section */
		AB62E5681C326D4700085BF8 /* Debug */ = {
			isa = XCBuildConfiguration;
			buildSettings = {
				ALWAYS_SEARCH_USER_PATHS = NO;
				CLANG_CXX_LANGUAGE_STANDARD = "gnu++0x";
				CLANG_CXX_LIBRARY = "libc++";
				CLANG_ENABLE_MODULES = YES;
				CLANG_ENABLE_OBJC_ARC = YES;
				CLANG_WARN_BOOL_CONVERSION = YES;
				CLANG_WARN_CONSTANT_CONVERSION = YES;
				CLANG_WARN_DIRECT_OBJC_ISA_USAGE = YES_ERROR;
				CLANG_WARN_EMPTY_BODY = YES;
				CLANG_WARN_ENUM_CONVERSION = YES;
				CLANG_WARN_INT_CONVERSION = YES;
				CLANG_WARN_OBJC_ROOT_CLASS = YES_ERROR;
				CLANG_WARN_UNREACHABLE_CODE = YES;
				CLANG_WARN__DUPLICATE_METHOD_MATCH = YES;
				"CODE_SIGN_IDENTITY[sdk=iphoneos*]" = "iPhone Developer";
				COPY_PHASE_STRIP = NO;
				DEBUG_INFORMATION_FORMAT = dwarf;
				ENABLE_STRICT_OBJC_MSGSEND = YES;
				ENABLE_TESTABILITY = YES;
				GCC_C_LANGUAGE_STANDARD = gnu99;
				GCC_DYNAMIC_NO_PIC = NO;
				GCC_NO_COMMON_BLOCKS = YES;
				GCC_OPTIMIZATION_LEVEL = 0;
				GCC_PREPROCESSOR_DEFINITIONS = (
					"DEBUG=1",
					"$(inherited)",
				);
				GCC_WARN_64_TO_32_BIT_CONVERSION = YES;
				GCC_WARN_ABOUT_RETURN_TYPE = YES_ERROR;
				GCC_WARN_UNDECLARED_SELECTOR = YES;
				GCC_WARN_UNINITIALIZED_AUTOS = YES_AGGRESSIVE;
				GCC_WARN_UNUSED_FUNCTION = YES;
				GCC_WARN_UNUSED_VARIABLE = YES;
				IPHONEOS_DEPLOYMENT_TARGET = 9.1;
				MTL_ENABLE_DEBUG_INFO = YES;
				ONLY_ACTIVE_ARCH = YES;
				SDKROOT = iphoneos;
			};
			name = Debug;
		};
		AB62E5691C326D4700085BF8 /* Release */ = {
			isa = XCBuildConfiguration;
			buildSettings = {
				ALWAYS_SEARCH_USER_PATHS = NO;
				CLANG_CXX_LANGUAGE_STANDARD = "gnu++0x";
				CLANG_CXX_LIBRARY = "libc++";
				CLANG_ENABLE_MODULES = YES;
				CLANG_ENABLE_OBJC_ARC = YES;
				CLANG_WARN_BOOL_CONVERSION = YES;
				CLANG_WARN_CONSTANT_CONVERSION = YES;
				CLANG_WARN_DIRECT_OBJC_ISA_USAGE = YES_ERROR;
				CLANG_WARN_EMPTY_BODY = YES;
				CLANG_WARN_ENUM_CONVERSION = YES;
				CLANG_WARN_INT_CONVERSION = YES;
				CLANG_WARN_OBJC_ROOT_CLASS = YES_ERROR;
				CLANG_WARN_UNREACHABLE_CODE = YES;
				CLANG_WARN__DUPLICATE_METHOD_MATCH = YES;
				"CODE_SIGN_IDENTITY[sdk=iphoneos*]" = "iPhone Developer";
				COPY_PHASE_STRIP = NO;
				DEBUG_INFORMATION_FORMAT = "dwarf-with-dsym";
				ENABLE_NS_ASSERTIONS = NO;
				ENABLE_STRICT_OBJC_MSGSEND = YES;
				GCC_C_LANGUAGE_STANDARD = gnu99;
				GCC_NO_COMMON_BLOCKS = YES;
				GCC_WARN_64_TO_32_BIT_CONVERSION = YES;
				GCC_WARN_ABOUT_RETURN_TYPE = YES_ERROR;
				GCC_WARN_UNDECLARED_SELECTOR = YES;
				GCC_WARN_UNINITIALIZED_AUTOS = YES_AGGRESSIVE;
				GCC_WARN_UNUSED_FUNCTION = YES;
				GCC_WARN_UNUSED_VARIABLE = YES;
				IPHONEOS_DEPLOYMENT_TARGET = 9.1;
				MTL_ENABLE_DEBUG_INFO = NO;
				SDKROOT = iphoneos;
				VALIDATE_PRODUCT = YES;
			};
			name = Release;
		};
		AB62E56B1C326D4700085BF8 /* Debug */ = {
			isa = XCBuildConfiguration;
			buildSettings = {
				ASSETCATALOG_COMPILER_APPICON_NAME = AppIcon;
				INFOPLIST_FILE = test/Info.plist;
				LD_RUNPATH_SEARCH_PATHS = "$(inherited) @executable_path/Frameworks";
				PRODUCT_BUNDLE_IDENTIFIER = com.tarena.test;
				PRODUCT_NAME = "$(TARGET_NAME)";
			};
			name = Debug;
		};
		AB62E56C1C326D4700085BF8 /* Release */ = {
			isa = XCBuildConfiguration;
			buildSettings = {
				ASSETCATALOG_COMPILER_APPICON_NAME = AppIcon;
				INFOPLIST_FILE = test/Info.plist;
				LD_RUNPATH_SEARCH_PATHS = "$(inherited) @executable_path/Frameworks";
				PRODUCT_BUNDLE_IDENTIFIER = com.tarena.test;
				PRODUCT_NAME = "$(TARGET_NAME)";
			};
			name = Release;
		};
/* End XCBuildConfiguration section */

/* Begin XCConfigurationList section */
		AB62E54B1C326D4600085BF8 /* Build configuration list for PBXProject "test" */ = {
			isa = XCConfigurationList;
			buildConfigurations = (
				AB62E5681C326D4700085BF8 /* Debug */,
				AB62E5691C326D4700085BF8 /* Release */,
			);
			defaultConfigurationIsVisible = 0;
			defaultConfigurationName = Release;
		};
		AB62E56A1C326D4700085BF8 /* Build configuration list for PBXNativeTarget "test" */ = {
			isa = XCConfigurationList;
			buildConfigurations = (
				AB62E56B1C326D4700085BF8 /* Debug */,
				AB62E56C1C326D4700085BF8 /* Release */,
			);
			defaultConfigurationIsVisible = 0;
		};
/* End XCConfigurationList section */

/* Begin XCVersionGroup section */
		AB62E55F1C326D4600085BF8 /* test.xcdatamodeld */ = {
			isa = XCVersionGroup;
			children = (
				AB62E5601C326D4600085BF8 /* test.xcdatamodel */,
			);
			currentVersion = AB62E5601C326D4600085BF8 /* test.xcdatamodel */;
			path = test.xcdatamodeld;
			sourceTree = "<group>";
			versionGroupType = wrapper.xcdatamodel;
		};
/* End XCVersionGroup section */
	};
	rootObject = AB62E5481C326D4600085BF8 /* Project object */;
}
